
Microsoft Visual Studio Solution File, Format Version 12.00
<<<<<<< HEAD
Project("{FAE04EC0-301F-11D3-BF4B-00C04F79EFBC}") = "C3P4", "C3P4\C3P4.csproj", "{46425642-B873-4B03-BE49-4BBB08F04295}"
=======
Project("{FAE04EC0-301F-11D3-BF4B-00C04F79EFBC}") = "C3P4", "C3P4\C3P4.csproj", "{319C20ED-9378-4BA0-9E2F-0FA5D94DB3A7}"
>>>>>>> 270587864083c5988e1054aefd9a737e4ef46115
EndProject
Global
	GlobalSection(SolutionConfigurationPlatforms) = preSolution
		Debug|Any CPU = Debug|Any CPU
		Release|Any CPU = Release|Any CPU
	EndGlobalSection
	GlobalSection(ProjectConfigurationPlatforms) = postSolution
<<<<<<< HEAD
		{46425642-B873-4B03-BE49-4BBB08F04295}.Debug|Any CPU.ActiveCfg = Debug|Any CPU
		{46425642-B873-4B03-BE49-4BBB08F04295}.Debug|Any CPU.Build.0 = Debug|Any CPU
		{46425642-B873-4B03-BE49-4BBB08F04295}.Release|Any CPU.ActiveCfg = Release|Any CPU
		{46425642-B873-4B03-BE49-4BBB08F04295}.Release|Any CPU.Build.0 = Release|Any CPU
=======
		{319C20ED-9378-4BA0-9E2F-0FA5D94DB3A7}.Debug|Any CPU.ActiveCfg = Debug|Any CPU
		{319C20ED-9378-4BA0-9E2F-0FA5D94DB3A7}.Debug|Any CPU.Build.0 = Debug|Any CPU
		{319C20ED-9378-4BA0-9E2F-0FA5D94DB3A7}.Release|Any CPU.ActiveCfg = Release|Any CPU
		{319C20ED-9378-4BA0-9E2F-0FA5D94DB3A7}.Release|Any CPU.Build.0 = Release|Any CPU
>>>>>>> 270587864083c5988e1054aefd9a737e4ef46115
	EndGlobalSection
EndGlobal
