
Microsoft Visual Studio Solution File, Format Version 12.00
Project("{FAE04EC0-301F-11D3-BF4B-00C04F79EFBC}") = "C5P2", "C5P2\C5P2.csproj", "{6445520A-41BF-4A35-892D-27A99C056B2D}"
EndProject
Global
	GlobalSection(SolutionConfigurationPlatforms) = preSolution
		Debug|Any CPU = Debug|Any CPU
		Release|Any CPU = Release|Any CPU
	EndGlobalSection
	GlobalSection(ProjectConfigurationPlatforms) = postSolution
		{6445520A-41BF-4A35-892D-27A99C056B2D}.Debug|Any CPU.ActiveCfg = Debug|Any CPU
		{6445520A-41BF-4A35-892D-27A99C056B2D}.Debug|Any CPU.Build.0 = Debug|Any CPU
		{6445520A-41BF-4A35-892D-27A99C056B2D}.Release|Any CPU.ActiveCfg = Release|Any CPU
		{6445520A-41BF-4A35-892D-27A99C056B2D}.Release|Any CPU.Build.0 = Release|Any CPU
	EndGlobalSection
EndGlobal
