
Microsoft Visual Studio Solution File, Format Version 12.00
Project("{FAE04EC0-301F-11D3-BF4B-00C04F79EFBC}") = "C6P4", "C6P4\C6P4.csproj", "{7EC832B1-AD89-479A-9E2C-22144F6E2067}"
EndProject
Global
	GlobalSection(SolutionConfigurationPlatforms) = preSolution
		Debug|Any CPU = Debug|Any CPU
		Release|Any CPU = Release|Any CPU
	EndGlobalSection
	GlobalSection(ProjectConfigurationPlatforms) = postSolution
		{7EC832B1-AD89-479A-9E2C-22144F6E2067}.Debug|Any CPU.ActiveCfg = Debug|Any CPU
		{7EC832B1-AD89-479A-9E2C-22144F6E2067}.Debug|Any CPU.Build.0 = Debug|Any CPU
		{7EC832B1-AD89-479A-9E2C-22144F6E2067}.Release|Any CPU.ActiveCfg = Release|Any CPU
		{7EC832B1-AD89-479A-9E2C-22144F6E2067}.Release|Any CPU.Build.0 = Release|Any CPU
	EndGlobalSection
EndGlobal
