
Microsoft Visual Studio Solution File, Format Version 12.00
Project("{FAE04EC0-301F-11D3-BF4B-00C04F79EFBC}") = "C6T1", "C6T1\C6T1.csproj", "{EEAB4DB5-AA54-4A46-B205-BED5D79C89B9}"
EndProject
Global
	GlobalSection(SolutionConfigurationPlatforms) = preSolution
		Debug|Any CPU = Debug|Any CPU
		Release|Any CPU = Release|Any CPU
	EndGlobalSection
	GlobalSection(ProjectConfigurationPlatforms) = postSolution
		{EEAB4DB5-AA54-4A46-B205-BED5D79C89B9}.Debug|Any CPU.ActiveCfg = Debug|Any CPU
		{EEAB4DB5-AA54-4A46-B205-BED5D79C89B9}.Debug|Any CPU.Build.0 = Debug|Any CPU
		{EEAB4DB5-AA54-4A46-B205-BED5D79C89B9}.Release|Any CPU.ActiveCfg = Release|Any CPU
		{EEAB4DB5-AA54-4A46-B205-BED5D79C89B9}.Release|Any CPU.Build.0 = Release|Any CPU
	EndGlobalSection
EndGlobal
