
Microsoft Visual Studio Solution File, Format Version 12.00
Project("{FAE04EC0-301F-11D3-BF4B-00C04F79EFBC}") = "C8T1", "C8T1\C8T1.csproj", "{8E76133E-6280-41B9-8F28-68C4D0C320AF}"
EndProject
Global
	GlobalSection(SolutionConfigurationPlatforms) = preSolution
		Debug|Any CPU = Debug|Any CPU
		Release|Any CPU = Release|Any CPU
	EndGlobalSection
	GlobalSection(ProjectConfigurationPlatforms) = postSolution
		{8E76133E-6280-41B9-8F28-68C4D0C320AF}.Debug|Any CPU.ActiveCfg = Debug|Any CPU
		{8E76133E-6280-41B9-8F28-68C4D0C320AF}.Debug|Any CPU.Build.0 = Debug|Any CPU
		{8E76133E-6280-41B9-8F28-68C4D0C320AF}.Release|Any CPU.ActiveCfg = Release|Any CPU
		{8E76133E-6280-41B9-8F28-68C4D0C320AF}.Release|Any CPU.Build.0 = Release|Any CPU
	EndGlobalSection
EndGlobal
