
Microsoft Visual Studio Solution File, Format Version 12.00
Project("{FAE04EC0-301F-11D3-BF4B-00C04F79EFBC}") = "C5P3", "C5P3\C5P3.csproj", "{DEF818E3-DA97-4F7C-AE03-046B5C80C45C}"
EndProject
Global
	GlobalSection(SolutionConfigurationPlatforms) = preSolution
		Debug|Any CPU = Debug|Any CPU
		Release|Any CPU = Release|Any CPU
	EndGlobalSection
	GlobalSection(ProjectConfigurationPlatforms) = postSolution
		{DEF818E3-DA97-4F7C-AE03-046B5C80C45C}.Debug|Any CPU.ActiveCfg = Debug|Any CPU
		{DEF818E3-DA97-4F7C-AE03-046B5C80C45C}.Debug|Any CPU.Build.0 = Debug|Any CPU
		{DEF818E3-DA97-4F7C-AE03-046B5C80C45C}.Release|Any CPU.ActiveCfg = Release|Any CPU
		{DEF818E3-DA97-4F7C-AE03-046B5C80C45C}.Release|Any CPU.Build.0 = Release|Any CPU
	EndGlobalSection
EndGlobal
