
Microsoft Visual Studio Solution File, Format Version 12.00
Project("{FAE04EC0-301F-11D3-BF4B-00C04F79EFBC}") = "C4T2", "C4T2\C4T2.csproj", "{D67DD8AB-524F-4455-A5AA-F3EF5C1B2366}"
EndProject
Global
	GlobalSection(SolutionConfigurationPlatforms) = preSolution
		Debug|Any CPU = Debug|Any CPU
		Release|Any CPU = Release|Any CPU
	EndGlobalSection
	GlobalSection(ProjectConfigurationPlatforms) = postSolution
		{D67DD8AB-524F-4455-A5AA-F3EF5C1B2366}.Debug|Any CPU.ActiveCfg = Debug|Any CPU
		{D67DD8AB-524F-4455-A5AA-F3EF5C1B2366}.Debug|Any CPU.Build.0 = Debug|Any CPU
		{D67DD8AB-524F-4455-A5AA-F3EF5C1B2366}.Release|Any CPU.ActiveCfg = Release|Any CPU
		{D67DD8AB-524F-4455-A5AA-F3EF5C1B2366}.Release|Any CPU.Build.0 = Release|Any CPU
	EndGlobalSection
EndGlobal
