
Microsoft Visual Studio Solution File, Format Version 12.00
Project("{FAE04EC0-301F-11D3-BF4B-00C04F79EFBC}") = "C7T3", "C7T3\C7T3.csproj", "{FD1F86A6-6A4E-499C-A3CA-4A61A173A5C6}"
EndProject
Global
	GlobalSection(SolutionConfigurationPlatforms) = preSolution
		Debug|Any CPU = Debug|Any CPU
		Release|Any CPU = Release|Any CPU
	EndGlobalSection
	GlobalSection(ProjectConfigurationPlatforms) = postSolution
		{FD1F86A6-6A4E-499C-A3CA-4A61A173A5C6}.Debug|Any CPU.ActiveCfg = Debug|Any CPU
		{FD1F86A6-6A4E-499C-A3CA-4A61A173A5C6}.Debug|Any CPU.Build.0 = Debug|Any CPU
		{FD1F86A6-6A4E-499C-A3CA-4A61A173A5C6}.Release|Any CPU.ActiveCfg = Release|Any CPU
		{FD1F86A6-6A4E-499C-A3CA-4A61A173A5C6}.Release|Any CPU.Build.0 = Release|Any CPU
	EndGlobalSection
EndGlobal
