
Microsoft Visual Studio Solution File, Format Version 12.00
Project("{FAE04EC0-301F-11D3-BF4B-00C04F79EFBC}") = "C6T3", "C6T3\C6T3.csproj", "{14BAD706-12D5-4205-AE01-6DE8BE5786ED}"
EndProject
Global
	GlobalSection(SolutionConfigurationPlatforms) = preSolution
		Debug|Any CPU = Debug|Any CPU
		Release|Any CPU = Release|Any CPU
	EndGlobalSection
	GlobalSection(ProjectConfigurationPlatforms) = postSolution
		{14BAD706-12D5-4205-AE01-6DE8BE5786ED}.Debug|Any CPU.ActiveCfg = Debug|Any CPU
		{14BAD706-12D5-4205-AE01-6DE8BE5786ED}.Debug|Any CPU.Build.0 = Debug|Any CPU
		{14BAD706-12D5-4205-AE01-6DE8BE5786ED}.Release|Any CPU.ActiveCfg = Release|Any CPU
		{14BAD706-12D5-4205-AE01-6DE8BE5786ED}.Release|Any CPU.Build.0 = Release|Any CPU
	EndGlobalSection
EndGlobal
